
Microsoft Visual Studio Solution File, Format Version 12.00
# Visual Studio Version 17
VisualStudioVersion = 17.12.35309.182
MinimumVisualStudioVersion = 10.0.40219.1
Project("{FAE04EC0-301F-11D3-BF4B-00C04F79EFBC}") = "Bekmuraz", "Bekmuraz\Bekmuraz.csproj", "{03EF250F-32EE-432F-803C-21C874D70B8B}"
EndProject
Global
	GlobalSection(SolutionConfigurationPlatforms) = preSolution
		Debug|Any CPU = Debug|Any CPU
		Release|Any CPU = Release|Any CPU
	EndGlobalSection
	GlobalSection(ProjectConfigurationPlatforms) = postSolution
		{03EF250F-32EE-432F-803C-21C874D70B8B}.Debug|Any CPU.ActiveCfg = Debug|Any CPU
		{03EF250F-32EE-432F-803C-21C874D70B8B}.Debug|Any CPU.Build.0 = Debug|Any CPU
		{03EF250F-32EE-432F-803C-21C874D70B8B}.Release|Any CPU.ActiveCfg = Release|Any CPU
		{03EF250F-32EE-432F-803C-21C874D70B8B}.Release|Any CPU.Build.0 = Release|Any CPU
	EndGlobalSection
	GlobalSection(SolutionProperties) = preSolution
		HideSolutionNode = FALSE
	EndGlobalSection
	GlobalSection(ExtensibilityGlobals) = postSolution
		SolutionGuid = {810369C6-B159-4E29-9633-10CC3E86DBFC}
	EndGlobalSection
EndGlobal
